
Microsoft Visual Studio Solution File, Format Version 12.00
# Visual Studio Version 16
VisualStudioVersion = 16.0.29709.97
MinimumVisualStudioVersion = 10.0.40219.1
Project("{FAE04EC0-301F-11D3-BF4B-00C04F79EFBC}") = "Day1", "Day1\Day1.csproj", "{D461AC58-781B-4FD9-B22B-5DEBCAE154B9}"
EndProject
Project("{FAE04EC0-301F-11D3-BF4B-00C04F79EFBC}") = "Day2", "Day2\Day2.csproj", "{0E698F49-9E70-4F2F-83EF-CB7F72AA26A3}"
EndProject
Project("{FAE04EC0-301F-11D3-BF4B-00C04F79EFBC}") = "Day3", "Day3\Day3.csproj", "{90D34FB8-6B7C-4653-9FCF-87C020AE2CCB}"
EndProject
Global
	GlobalSection(SolutionConfigurationPlatforms) = preSolution
		Debug|Any CPU = Debug|Any CPU
		Release|Any CPU = Release|Any CPU
	EndGlobalSection
	GlobalSection(ProjectConfigurationPlatforms) = postSolution
		{D461AC58-781B-4FD9-B22B-5DEBCAE154B9}.Debug|Any CPU.ActiveCfg = Debug|Any CPU
		{D461AC58-781B-4FD9-B22B-5DEBCAE154B9}.Debug|Any CPU.Build.0 = Debug|Any CPU
		{D461AC58-781B-4FD9-B22B-5DEBCAE154B9}.Release|Any CPU.ActiveCfg = Release|Any CPU
		{D461AC58-781B-4FD9-B22B-5DEBCAE154B9}.Release|Any CPU.Build.0 = Release|Any CPU
		{0E698F49-9E70-4F2F-83EF-CB7F72AA26A3}.Debug|Any CPU.ActiveCfg = Debug|Any CPU
		{0E698F49-9E70-4F2F-83EF-CB7F72AA26A3}.Debug|Any CPU.Build.0 = Debug|Any CPU
		{0E698F49-9E70-4F2F-83EF-CB7F72AA26A3}.Release|Any CPU.ActiveCfg = Release|Any CPU
		{0E698F49-9E70-4F2F-83EF-CB7F72AA26A3}.Release|Any CPU.Build.0 = Release|Any CPU
		{90D34FB8-6B7C-4653-9FCF-87C020AE2CCB}.Debug|Any CPU.ActiveCfg = Debug|Any CPU
		{90D34FB8-6B7C-4653-9FCF-87C020AE2CCB}.Debug|Any CPU.Build.0 = Debug|Any CPU
		{90D34FB8-6B7C-4653-9FCF-87C020AE2CCB}.Release|Any CPU.ActiveCfg = Release|Any CPU
		{90D34FB8-6B7C-4653-9FCF-87C020AE2CCB}.Release|Any CPU.Build.0 = Release|Any CPU
	EndGlobalSection
	GlobalSection(SolutionProperties) = preSolution
		HideSolutionNode = FALSE
	EndGlobalSection
	GlobalSection(ExtensibilityGlobals) = postSolution
		SolutionGuid = {9D7394D0-3557-40B0-8157-090E53B0A83A}
	EndGlobalSection
EndGlobal
